
Microsoft Visual Studio Solution File, Format Version 12.00
# Visual Studio 15
VisualStudioVersion = 15.0.28307.1022
MinimumVisualStudioVersion = 10.0.40219.1
Project("{8BC9CEB8-8B4A-11D0-8D11-00A0C91BC942}") = "example", "example\example.vcxproj", "{34A69BEA-D72A-4975-AC72-B1FED05DA661}"
EndProject
Global
	GlobalSection(SolutionConfigurationPlatforms) = preSolution
		Debug|x64 = Debug|x64
		Debug|x86 = Debug|x86
		Release|x64 = Release|x64
		Release|x86 = Release|x86
	EndGlobalSection
	GlobalSection(ProjectConfigurationPlatforms) = postSolution
		{34A69BEA-D72A-4975-AC72-B1FED05DA661}.Debug|x64.ActiveCfg = Debug|x64
		{34A69BEA-D72A-4975-AC72-B1FED05DA661}.Debug|x64.Build.0 = Debug|x64
		{34A69BEA-D72A-4975-AC72-B1FED05DA661}.Debug|x86.ActiveCfg = Debug|Win32
		{34A69BEA-D72A-4975-AC72-B1FED05DA661}.Debug|x86.Build.0 = Debug|Win32
		{34A69BEA-D72A-4975-AC72-B1FED05DA661}.Release|x64.ActiveCfg = Release|x64
		{34A69BEA-D72A-4975-AC72-B1FED05DA661}.Release|x64.Build.0 = Release|x64
		{34A69BEA-D72A-4975-AC72-B1FED05DA661}.Release|x86.ActiveCfg = Release|Win32
		{34A69BEA-D72A-4975-AC72-B1FED05DA661}.Release|x86.Build.0 = Release|Win32
	EndGlobalSection
	GlobalSection(SolutionProperties) = preSolution
		HideSolutionNode = FALSE
	EndGlobalSection
	GlobalSection(ExtensibilityGlobals) = postSolution
		SolutionGuid = {7414E3DF-F6E0-4D3E-8F91-4F594B71FC38}
	EndGlobalSection
EndGlobal
